
Microsoft Visual Studio Solution File, Format Version 12.00
# Visual Studio 2013
VisualStudioVersion = 12.0.21005.1
MinimumVisualStudioVersion = 10.0.40219.1
Project("{8BC9CEB8-8B4A-11D0-8D11-00A0C91BC942}") = "nginx", "nginx.vcxproj", "{79F69ED1-F5C1-42E2-9230-3AE320654397}"
	ProjectSection(ProjectDependencies) = postProject
		{4F826633-F857-49FD-B499-434D6B046704} = {4F826633-F857-49FD-B499-434D6B046704}
		{50534D4D-B4BC-4AFF-A565-D42F79BB7AE8} = {50534D4D-B4BC-4AFF-A565-D42F79BB7AE8}
		{2F7E3DA8-B9C3-4C48-B735-B4BCE87A1B0E} = {2F7E3DA8-B9C3-4C48-B735-B4BCE87A1B0E}
		{A3FE71BF-2F53-4B23-B3E0-7EB62E34FC13} = {A3FE71BF-2F53-4B23-B3E0-7EB62E34FC13}
	EndProjectSection
EndProject
Project("{2150E333-8FDC-42A3-9474-1A3956D46DE8}") = "libs", "libs", "{D024707E-813D-4244-AEB7-5C520245E392}"
EndProject
Project("{8BC9CEB8-8B4A-11D0-8D11-00A0C91BC942}") = "libeay32", "..\3rdparty\openssl-1.0.1h\vc12\libeay32\libeay32.vcxproj", "{2F7E3DA8-B9C3-4C48-B735-B4BCE87A1B0E}"
EndProject
Project("{8BC9CEB8-8B4A-11D0-8D11-00A0C91BC942}") = "ssleay32", "..\3rdparty\openssl-1.0.1h\vc12\ssleay32\ssleay32.vcxproj", "{50534D4D-B4BC-4AFF-A565-D42F79BB7AE8}"
EndProject
Project("{8BC9CEB8-8B4A-11D0-8D11-00A0C91BC942}") = "pcre", "..\3rdparty\pcre-8.32\vc12\pcre.vcxproj", "{4F826633-F857-49FD-B499-434D6B046704}"
EndProject
Project("{8BC9CEB8-8B4A-11D0-8D11-00A0C91BC942}") = "zlib", "..\3rdparty\zlib-1.2.8\vc12\zlib.vcxproj", "{A3FE71BF-2F53-4B23-B3E0-7EB62E34FC13}"
EndProject
Global
	GlobalSection(SolutionConfigurationPlatforms) = preSolution
		Debug|Win32 = Debug|Win32
		Debug|x64 = Debug|x64
		DebugExe|Win32 = DebugExe|Win32
		DebugExe|x64 = DebugExe|x64
		DebugT64|Win32 = DebugT64|Win32
		DebugT64|x64 = DebugT64|x64
		DebugV5Clean|Win32 = DebugV5Clean|Win32
		DebugV5Clean|x64 = DebugV5Clean|x64
		libeay32_lib|Win32 = libeay32_lib|Win32
		libeay32_lib|x64 = libeay32_lib|x64
		Release|Win32 = Release|Win32
		Release|x64 = Release|x64
		ReleaseT|Win32 = ReleaseT|Win32
		ReleaseT|x64 = ReleaseT|x64
		ReleaseT64|Win32 = ReleaseT64|Win32
		ReleaseT64|x64 = ReleaseT64|x64
	EndGlobalSection
	GlobalSection(ProjectConfigurationPlatforms) = postSolution
		{79F69ED1-F5C1-42E2-9230-3AE320654397}.Debug|Win32.ActiveCfg = Debug|Win32
		{79F69ED1-F5C1-42E2-9230-3AE320654397}.Debug|Win32.Build.0 = Debug|Win32
		{79F69ED1-F5C1-42E2-9230-3AE320654397}.Debug|x64.ActiveCfg = Debug|Win32
		{79F69ED1-F5C1-42E2-9230-3AE320654397}.DebugExe|Win32.ActiveCfg = Debug|Win32
		{79F69ED1-F5C1-42E2-9230-3AE320654397}.DebugExe|Win32.Build.0 = Debug|Win32
		{79F69ED1-F5C1-42E2-9230-3AE320654397}.DebugExe|x64.ActiveCfg = Debug|Win32
		{79F69ED1-F5C1-42E2-9230-3AE320654397}.DebugT64|Win32.ActiveCfg = Debug|Win32
		{79F69ED1-F5C1-42E2-9230-3AE320654397}.DebugT64|Win32.Build.0 = Debug|Win32
		{79F69ED1-F5C1-42E2-9230-3AE320654397}.DebugT64|x64.ActiveCfg = Debug|Win32
		{79F69ED1-F5C1-42E2-9230-3AE320654397}.DebugV5Clean|Win32.ActiveCfg = Debug|Win32
		{79F69ED1-F5C1-42E2-9230-3AE320654397}.DebugV5Clean|Win32.Build.0 = Debug|Win32
		{79F69ED1-F5C1-42E2-9230-3AE320654397}.DebugV5Clean|x64.ActiveCfg = Debug|Win32
		{79F69ED1-F5C1-42E2-9230-3AE320654397}.libeay32_lib|Win32.ActiveCfg = Release|Win32
		{79F69ED1-F5C1-42E2-9230-3AE320654397}.libeay32_lib|Win32.Build.0 = Release|Win32
		{79F69ED1-F5C1-42E2-9230-3AE320654397}.libeay32_lib|x64.ActiveCfg = Release|Win32
		{79F69ED1-F5C1-42E2-9230-3AE320654397}.Release|Win32.ActiveCfg = Release|Win32
		{79F69ED1-F5C1-42E2-9230-3AE320654397}.Release|Win32.Build.0 = Release|Win32
		{79F69ED1-F5C1-42E2-9230-3AE320654397}.Release|x64.ActiveCfg = Release|Win32
		{79F69ED1-F5C1-42E2-9230-3AE320654397}.ReleaseT|Win32.ActiveCfg = Release|Win32
		{79F69ED1-F5C1-42E2-9230-3AE320654397}.ReleaseT|Win32.Build.0 = Release|Win32
		{79F69ED1-F5C1-42E2-9230-3AE320654397}.ReleaseT|x64.ActiveCfg = Release|Win32
		{79F69ED1-F5C1-42E2-9230-3AE320654397}.ReleaseT64|Win32.ActiveCfg = Release|Win32
		{79F69ED1-F5C1-42E2-9230-3AE320654397}.ReleaseT64|Win32.Build.0 = Release|Win32
		{79F69ED1-F5C1-42E2-9230-3AE320654397}.ReleaseT64|x64.ActiveCfg = Release|Win32
		{2F7E3DA8-B9C3-4C48-B735-B4BCE87A1B0E}.Debug|Win32.ActiveCfg = Debug|Win32
		{2F7E3DA8-B9C3-4C48-B735-B4BCE87A1B0E}.Debug|Win32.Build.0 = Debug|Win32
		{2F7E3DA8-B9C3-4C48-B735-B4BCE87A1B0E}.Debug|x64.ActiveCfg = Debug|x64
		{2F7E3DA8-B9C3-4C48-B735-B4BCE87A1B0E}.Debug|x64.Build.0 = Debug|x64
		{2F7E3DA8-B9C3-4C48-B735-B4BCE87A1B0E}.DebugExe|Win32.ActiveCfg = DebugExe|Win32
		{2F7E3DA8-B9C3-4C48-B735-B4BCE87A1B0E}.DebugExe|Win32.Build.0 = DebugExe|Win32
		{2F7E3DA8-B9C3-4C48-B735-B4BCE87A1B0E}.DebugExe|x64.ActiveCfg = DebugExe|x64
		{2F7E3DA8-B9C3-4C48-B735-B4BCE87A1B0E}.DebugExe|x64.Build.0 = DebugExe|x64
		{2F7E3DA8-B9C3-4C48-B735-B4BCE87A1B0E}.DebugT64|Win32.ActiveCfg = DebugExe|Win32
		{2F7E3DA8-B9C3-4C48-B735-B4BCE87A1B0E}.DebugT64|Win32.Build.0 = DebugExe|Win32
		{2F7E3DA8-B9C3-4C48-B735-B4BCE87A1B0E}.DebugT64|x64.ActiveCfg = DebugExe|x64
		{2F7E3DA8-B9C3-4C48-B735-B4BCE87A1B0E}.DebugT64|x64.Build.0 = DebugExe|x64
		{2F7E3DA8-B9C3-4C48-B735-B4BCE87A1B0E}.DebugV5Clean|Win32.ActiveCfg = DebugV5Clean|Win32
		{2F7E3DA8-B9C3-4C48-B735-B4BCE87A1B0E}.DebugV5Clean|Win32.Build.0 = DebugV5Clean|Win32
		{2F7E3DA8-B9C3-4C48-B735-B4BCE87A1B0E}.DebugV5Clean|x64.ActiveCfg = DebugV5Clean|x64
		{2F7E3DA8-B9C3-4C48-B735-B4BCE87A1B0E}.DebugV5Clean|x64.Build.0 = DebugV5Clean|x64
		{2F7E3DA8-B9C3-4C48-B735-B4BCE87A1B0E}.libeay32_lib|Win32.ActiveCfg = DebugExe|Win32
		{2F7E3DA8-B9C3-4C48-B735-B4BCE87A1B0E}.libeay32_lib|Win32.Build.0 = DebugExe|Win32
		{2F7E3DA8-B9C3-4C48-B735-B4BCE87A1B0E}.libeay32_lib|x64.ActiveCfg = DebugExe|x64
		{2F7E3DA8-B9C3-4C48-B735-B4BCE87A1B0E}.libeay32_lib|x64.Build.0 = DebugExe|x64
		{2F7E3DA8-B9C3-4C48-B735-B4BCE87A1B0E}.Release|Win32.ActiveCfg = Release|Win32
		{2F7E3DA8-B9C3-4C48-B735-B4BCE87A1B0E}.Release|Win32.Build.0 = Release|Win32
		{2F7E3DA8-B9C3-4C48-B735-B4BCE87A1B0E}.Release|x64.ActiveCfg = Release|x64
		{2F7E3DA8-B9C3-4C48-B735-B4BCE87A1B0E}.Release|x64.Build.0 = Release|x64
		{2F7E3DA8-B9C3-4C48-B735-B4BCE87A1B0E}.ReleaseT|Win32.ActiveCfg = Release|Win32
		{2F7E3DA8-B9C3-4C48-B735-B4BCE87A1B0E}.ReleaseT|Win32.Build.0 = Release|Win32
		{2F7E3DA8-B9C3-4C48-B735-B4BCE87A1B0E}.ReleaseT|x64.ActiveCfg = Release|x64
		{2F7E3DA8-B9C3-4C48-B735-B4BCE87A1B0E}.ReleaseT|x64.Build.0 = Release|x64
		{2F7E3DA8-B9C3-4C48-B735-B4BCE87A1B0E}.ReleaseT64|Win32.ActiveCfg = Release|Win32
		{2F7E3DA8-B9C3-4C48-B735-B4BCE87A1B0E}.ReleaseT64|Win32.Build.0 = Release|Win32
		{2F7E3DA8-B9C3-4C48-B735-B4BCE87A1B0E}.ReleaseT64|x64.ActiveCfg = Release|x64
		{2F7E3DA8-B9C3-4C48-B735-B4BCE87A1B0E}.ReleaseT64|x64.Build.0 = Release|x64
		{50534D4D-B4BC-4AFF-A565-D42F79BB7AE8}.Debug|Win32.ActiveCfg = Debug|Win32
		{50534D4D-B4BC-4AFF-A565-D42F79BB7AE8}.Debug|Win32.Build.0 = Debug|Win32
		{50534D4D-B4BC-4AFF-A565-D42F79BB7AE8}.Debug|x64.ActiveCfg = Debug|x64
		{50534D4D-B4BC-4AFF-A565-D42F79BB7AE8}.Debug|x64.Build.0 = Debug|x64
		{50534D4D-B4BC-4AFF-A565-D42F79BB7AE8}.DebugExe|Win32.ActiveCfg = DebugT64|Win32
		{50534D4D-B4BC-4AFF-A565-D42F79BB7AE8}.DebugExe|Win32.Build.0 = DebugT64|Win32
		{50534D4D-B4BC-4AFF-A565-D42F79BB7AE8}.DebugExe|x64.ActiveCfg = DebugT64|x64
		{50534D4D-B4BC-4AFF-A565-D42F79BB7AE8}.DebugExe|x64.Build.0 = DebugT64|x64
		{50534D4D-B4BC-4AFF-A565-D42F79BB7AE8}.DebugT64|Win32.ActiveCfg = DebugT64|Win32
		{50534D4D-B4BC-4AFF-A565-D42F79BB7AE8}.DebugT64|Win32.Build.0 = DebugT64|Win32
		{50534D4D-B4BC-4AFF-A565-D42F79BB7AE8}.DebugT64|x64.ActiveCfg = DebugT64|x64
		{50534D4D-B4BC-4AFF-A565-D42F79BB7AE8}.DebugT64|x64.Build.0 = DebugT64|x64
		{50534D4D-B4BC-4AFF-A565-D42F79BB7AE8}.DebugV5Clean|Win32.ActiveCfg = DebugV5Clean|Win32
		{50534D4D-B4BC-4AFF-A565-D42F79BB7AE8}.DebugV5Clean|Win32.Build.0 = DebugV5Clean|Win32
		{50534D4D-B4BC-4AFF-A565-D42F79BB7AE8}.DebugV5Clean|x64.ActiveCfg = DebugV5Clean|x64
		{50534D4D-B4BC-4AFF-A565-D42F79BB7AE8}.DebugV5Clean|x64.Build.0 = DebugV5Clean|x64
		{50534D4D-B4BC-4AFF-A565-D42F79BB7AE8}.libeay32_lib|Win32.ActiveCfg = libeay32_lib|Win32
		{50534D4D-B4BC-4AFF-A565-D42F79BB7AE8}.libeay32_lib|Win32.Build.0 = libeay32_lib|Win32
		{50534D4D-B4BC-4AFF-A565-D42F79BB7AE8}.libeay32_lib|x64.ActiveCfg = libeay32_lib|x64
		{50534D4D-B4BC-4AFF-A565-D42F79BB7AE8}.libeay32_lib|x64.Build.0 = libeay32_lib|x64
		{50534D4D-B4BC-4AFF-A565-D42F79BB7AE8}.Release|Win32.ActiveCfg = Release|Win32
		{50534D4D-B4BC-4AFF-A565-D42F79BB7AE8}.Release|Win32.Build.0 = Release|Win32
		{50534D4D-B4BC-4AFF-A565-D42F79BB7AE8}.Release|x64.ActiveCfg = Release|x64
		{50534D4D-B4BC-4AFF-A565-D42F79BB7AE8}.Release|x64.Build.0 = Release|x64
		{50534D4D-B4BC-4AFF-A565-D42F79BB7AE8}.ReleaseT|Win32.ActiveCfg = ReleaseT|Win32
		{50534D4D-B4BC-4AFF-A565-D42F79BB7AE8}.ReleaseT|Win32.Build.0 = ReleaseT|Win32
		{50534D4D-B4BC-4AFF-A565-D42F79BB7AE8}.ReleaseT|x64.ActiveCfg = ReleaseT|x64
		{50534D4D-B4BC-4AFF-A565-D42F79BB7AE8}.ReleaseT|x64.Build.0 = ReleaseT|x64
		{50534D4D-B4BC-4AFF-A565-D42F79BB7AE8}.ReleaseT64|Win32.ActiveCfg = ReleaseT64|Win32
		{50534D4D-B4BC-4AFF-A565-D42F79BB7AE8}.ReleaseT64|Win32.Build.0 = ReleaseT64|Win32
		{50534D4D-B4BC-4AFF-A565-D42F79BB7AE8}.ReleaseT64|x64.ActiveCfg = ReleaseT64|x64
		{50534D4D-B4BC-4AFF-A565-D42F79BB7AE8}.ReleaseT64|x64.Build.0 = ReleaseT64|x64
		{4F826633-F857-49FD-B499-434D6B046704}.Debug|Win32.ActiveCfg = Debug|Win32
		{4F826633-F857-49FD-B499-434D6B046704}.Debug|Win32.Build.0 = Debug|Win32
		{4F826633-F857-49FD-B499-434D6B046704}.Debug|x64.ActiveCfg = Debug|Win32
		{4F826633-F857-49FD-B499-434D6B046704}.DebugExe|Win32.ActiveCfg = Debug|Win32
		{4F826633-F857-49FD-B499-434D6B046704}.DebugExe|Win32.Build.0 = Debug|Win32
		{4F826633-F857-49FD-B499-434D6B046704}.DebugExe|x64.ActiveCfg = Debug|Win32
		{4F826633-F857-49FD-B499-434D6B046704}.DebugT64|Win32.ActiveCfg = Debug|Win32
		{4F826633-F857-49FD-B499-434D6B046704}.DebugT64|Win32.Build.0 = Debug|Win32
		{4F826633-F857-49FD-B499-434D6B046704}.DebugT64|x64.ActiveCfg = Debug|Win32
		{4F826633-F857-49FD-B499-434D6B046704}.DebugV5Clean|Win32.ActiveCfg = Debug|Win32
		{4F826633-F857-49FD-B499-434D6B046704}.DebugV5Clean|Win32.Build.0 = Debug|Win32
		{4F826633-F857-49FD-B499-434D6B046704}.DebugV5Clean|x64.ActiveCfg = Debug|Win32
		{4F826633-F857-49FD-B499-434D6B046704}.libeay32_lib|Win32.ActiveCfg = Release|Win32
		{4F826633-F857-49FD-B499-434D6B046704}.libeay32_lib|Win32.Build.0 = Release|Win32
		{4F826633-F857-49FD-B499-434D6B046704}.libeay32_lib|x64.ActiveCfg = Release|Win32
		{4F826633-F857-49FD-B499-434D6B046704}.Release|Win32.ActiveCfg = Release|Win32
		{4F826633-F857-49FD-B499-434D6B046704}.Release|Win32.Build.0 = Release|Win32
		{4F826633-F857-49FD-B499-434D6B046704}.Release|x64.ActiveCfg = Release|Win32
		{4F826633-F857-49FD-B499-434D6B046704}.ReleaseT|Win32.ActiveCfg = Release|Win32
		{4F826633-F857-49FD-B499-434D6B046704}.ReleaseT|Win32.Build.0 = Release|Win32
		{4F826633-F857-49FD-B499-434D6B046704}.ReleaseT|x64.ActiveCfg = Release|Win32
		{4F826633-F857-49FD-B499-434D6B046704}.ReleaseT64|Win32.ActiveCfg = Release|Win32
		{4F826633-F857-49FD-B499-434D6B046704}.ReleaseT64|Win32.Build.0 = Release|Win32
		{4F826633-F857-49FD-B499-434D6B046704}.ReleaseT64|x64.ActiveCfg = Release|Win32
		{A3FE71BF-2F53-4B23-B3E0-7EB62E34FC13}.Debug|Win32.ActiveCfg = Debug|Win32
		{A3FE71BF-2F53-4B23-B3E0-7EB62E34FC13}.Debug|Win32.Build.0 = Debug|Win32
		{A3FE71BF-2F53-4B23-B3E0-7EB62E34FC13}.Debug|x64.ActiveCfg = Debug|Win32
		{A3FE71BF-2F53-4B23-B3E0-7EB62E34FC13}.DebugExe|Win32.ActiveCfg = Debug|Win32
		{A3FE71BF-2F53-4B23-B3E0-7EB62E34FC13}.DebugExe|Win32.Build.0 = Debug|Win32
		{A3FE71BF-2F53-4B23-B3E0-7EB62E34FC13}.DebugExe|x64.ActiveCfg = Debug|Win32
		{A3FE71BF-2F53-4B23-B3E0-7EB62E34FC13}.DebugT64|Win32.ActiveCfg = Debug|Win32
		{A3FE71BF-2F53-4B23-B3E0-7EB62E34FC13}.DebugT64|Win32.Build.0 = Debug|Win32
		{A3FE71BF-2F53-4B23-B3E0-7EB62E34FC13}.DebugT64|x64.ActiveCfg = Debug|Win32
		{A3FE71BF-2F53-4B23-B3E0-7EB62E34FC13}.DebugV5Clean|Win32.ActiveCfg = Debug|Win32
		{A3FE71BF-2F53-4B23-B3E0-7EB62E34FC13}.DebugV5Clean|Win32.Build.0 = Debug|Win32
		{A3FE71BF-2F53-4B23-B3E0-7EB62E34FC13}.DebugV5Clean|x64.ActiveCfg = Debug|Win32
		{A3FE71BF-2F53-4B23-B3E0-7EB62E34FC13}.libeay32_lib|Win32.ActiveCfg = Release|Win32
		{A3FE71BF-2F53-4B23-B3E0-7EB62E34FC13}.libeay32_lib|Win32.Build.0 = Release|Win32
		{A3FE71BF-2F53-4B23-B3E0-7EB62E34FC13}.libeay32_lib|x64.ActiveCfg = Release|Win32
		{A3FE71BF-2F53-4B23-B3E0-7EB62E34FC13}.Release|Win32.ActiveCfg = Release|Win32
		{A3FE71BF-2F53-4B23-B3E0-7EB62E34FC13}.Release|Win32.Build.0 = Release|Win32
		{A3FE71BF-2F53-4B23-B3E0-7EB62E34FC13}.Release|x64.ActiveCfg = Release|Win32
		{A3FE71BF-2F53-4B23-B3E0-7EB62E34FC13}.ReleaseT|Win32.ActiveCfg = Release|Win32
		{A3FE71BF-2F53-4B23-B3E0-7EB62E34FC13}.ReleaseT|Win32.Build.0 = Release|Win32
		{A3FE71BF-2F53-4B23-B3E0-7EB62E34FC13}.ReleaseT|x64.ActiveCfg = Release|Win32
		{A3FE71BF-2F53-4B23-B3E0-7EB62E34FC13}.ReleaseT64|Win32.ActiveCfg = Release|Win32
		{A3FE71BF-2F53-4B23-B3E0-7EB62E34FC13}.ReleaseT64|Win32.Build.0 = Release|Win32
		{A3FE71BF-2F53-4B23-B3E0-7EB62E34FC13}.ReleaseT64|x64.ActiveCfg = Release|Win32
	EndGlobalSection
	GlobalSection(SolutionProperties) = preSolution
		HideSolutionNode = FALSE
	EndGlobalSection
	GlobalSection(NestedProjects) = preSolution
		{2F7E3DA8-B9C3-4C48-B735-B4BCE87A1B0E} = {D024707E-813D-4244-AEB7-5C520245E392}
		{50534D4D-B4BC-4AFF-A565-D42F79BB7AE8} = {D024707E-813D-4244-AEB7-5C520245E392}
		{4F826633-F857-49FD-B499-434D6B046704} = {D024707E-813D-4244-AEB7-5C520245E392}
		{A3FE71BF-2F53-4B23-B3E0-7EB62E34FC13} = {D024707E-813D-4244-AEB7-5C520245E392}
	EndGlobalSection
EndGlobal
